
Microsoft Visual Studio Solution File, Format Version 12.00
# Visual Studio Version 17
VisualStudioVersion = 17.0.32112.339
MinimumVisualStudioVersion = 10.0.40219.1
Project("{FAE04EC0-301F-11D3-BF4B-00C04F79EFBC}") = "Calculator", "Calculator\Calculator.csproj", "{8EA8509F-4169-4C00-BD45-CEB4E32BCA02}"
EndProject
Global
	GlobalSection(SolutionConfigurationPlatforms) = preSolution
		Debug|Any CPU = Debug|Any CPU
		Release|Any CPU = Release|Any CPU
	EndGlobalSection
	GlobalSection(ProjectConfigurationPlatforms) = postSolution
		{8EA8509F-4169-4C00-BD45-CEB4E32BCA02}.Debug|Any CPU.ActiveCfg = Debug|Any CPU
		{8EA8509F-4169-4C00-BD45-CEB4E32BCA02}.Debug|Any CPU.Build.0 = Debug|Any CPU
		{8EA8509F-4169-4C00-BD45-CEB4E32BCA02}.Release|Any CPU.ActiveCfg = Release|Any CPU
		{8EA8509F-4169-4C00-BD45-CEB4E32BCA02}.Release|Any CPU.Build.0 = Release|Any CPU
	EndGlobalSection
	GlobalSection(SolutionProperties) = preSolution
		HideSolutionNode = FALSE
	EndGlobalSection
	GlobalSection(ExtensibilityGlobals) = postSolution
		SolutionGuid = {65920F46-8F21-4818-9F94-4DA3F52CEB0A}
	EndGlobalSection
EndGlobal
